
Microsoft Visual Studio Solution File, Format Version 12.00
# Visual Studio Version 17
VisualStudioVersion = 17.12.35527.113
MinimumVisualStudioVersion = 10.0.40219.1
Project("{FAE04EC0-301F-11D3-BF4B-00C04F79EFBC}") = "BikeComparer", "BikeComparer\BikeComparer.csproj", "{54C52168-701D-4A0D-9135-2221617A7E94}"
EndProject
Project("{FAE04EC0-301F-11D3-BF4B-00C04F79EFBC}") = "Database", "Database\Database.csproj", "{492D6D1D-E2F9-40A0-AA52-0C1E8565D9F9}"
EndProject
Project("{FAE04EC0-301F-11D3-BF4B-00C04F79EFBC}") = "DomainObjects", "DomainObjects\DomainObjects.csproj", "{91BC9A9A-DC60-4CD9-A185-03500D069764}"
EndProject
Project("{FAE04EC0-301F-11D3-BF4B-00C04F79EFBC}") = "Common", "Common\Common.csproj", "{15744A89-483D-4328-9300-C6687C5EFB70}"
EndProject
Global
	GlobalSection(SolutionConfigurationPlatforms) = preSolution
		Debug|Any CPU = Debug|Any CPU
		Release|Any CPU = Release|Any CPU
	EndGlobalSection
	GlobalSection(ProjectConfigurationPlatforms) = postSolution
		{54C52168-701D-4A0D-9135-2221617A7E94}.Debug|Any CPU.ActiveCfg = Debug|Any CPU
		{54C52168-701D-4A0D-9135-2221617A7E94}.Debug|Any CPU.Build.0 = Debug|Any CPU
		{54C52168-701D-4A0D-9135-2221617A7E94}.Release|Any CPU.ActiveCfg = Release|Any CPU
		{54C52168-701D-4A0D-9135-2221617A7E94}.Release|Any CPU.Build.0 = Release|Any CPU
		{492D6D1D-E2F9-40A0-AA52-0C1E8565D9F9}.Debug|Any CPU.ActiveCfg = Debug|Any CPU
		{492D6D1D-E2F9-40A0-AA52-0C1E8565D9F9}.Debug|Any CPU.Build.0 = Debug|Any CPU
		{492D6D1D-E2F9-40A0-AA52-0C1E8565D9F9}.Release|Any CPU.ActiveCfg = Release|Any CPU
		{492D6D1D-E2F9-40A0-AA52-0C1E8565D9F9}.Release|Any CPU.Build.0 = Release|Any CPU
		{91BC9A9A-DC60-4CD9-A185-03500D069764}.Debug|Any CPU.ActiveCfg = Debug|Any CPU
		{91BC9A9A-DC60-4CD9-A185-03500D069764}.Debug|Any CPU.Build.0 = Debug|Any CPU
		{91BC9A9A-DC60-4CD9-A185-03500D069764}.Release|Any CPU.ActiveCfg = Release|Any CPU
		{91BC9A9A-DC60-4CD9-A185-03500D069764}.Release|Any CPU.Build.0 = Release|Any CPU
		{15744A89-483D-4328-9300-C6687C5EFB70}.Debug|Any CPU.ActiveCfg = Debug|Any CPU
		{15744A89-483D-4328-9300-C6687C5EFB70}.Debug|Any CPU.Build.0 = Debug|Any CPU
		{15744A89-483D-4328-9300-C6687C5EFB70}.Release|Any CPU.ActiveCfg = Release|Any CPU
		{15744A89-483D-4328-9300-C6687C5EFB70}.Release|Any CPU.Build.0 = Release|Any CPU
	EndGlobalSection
	GlobalSection(SolutionProperties) = preSolution
		HideSolutionNode = FALSE
	EndGlobalSection
EndGlobal
